<?xml version="1.0" encoding="UTF-8"?>
<Scheme
   LastUpgradeVersion = "1150"
   version = "1.3">
   <BuildAction
      parallelizeBuildables = "YES"
      buildImplicitDependencies = "YES">
      <BuildActionEntries>
         <BuildActionEntry
            buildForTesting = "YES"
            buildForRunning = "YES"
            buildForProfiling = "YES"
            buildForArchiving = "YES"
            buildForAnalyzing = "YES">
            <BuildableReference
               BuildableIdentifier = "primary"
               BlueprintIdentifier = "2E2AA847250621560061575C"
               BuildableName = "GitHubAPI-MVVM-FC.app"
               BlueprintName = "GitHubAPI-MVVM-FC"
               ReferencedContainer = "container:GitHubAPI-MVVM-FC.xcodeproj">
            </BuildableReference>
         </BuildActionEntry>
      </BuildActionEntries>
   </BuildAction>
   <TestAction
      buildConfiguration = "Debug"
      selectedDebuggerIdentifier = "Xcode.DebuggerFoundation.Debugger.LLDB"
      selectedLauncherIdentifier = "Xcode.DebuggerFoundation.Launcher.LLDB"
      shouldUseLaunchSchemeArgsEnv = "YES"
      codeCoverageEnabled = "YES">
      <Testables>
         <TestableReference
            skipped = "NO">
            <BuildableReference
               BuildableIdentifier = "primary"
               BlueprintIdentifier = "2EBFD3E825079FE5001E0EBB"
               BuildableName = "MainViewTest.xctest"
               BlueprintName = "MainViewTest"
               ReferencedContainer = "container:GitHubAPI-MVVM-FC.xcodeproj">
            </BuildableReference>
         </TestableReference>
         <TestableReference
            skipped = "NO">
            <BuildableReference
               BuildableIdentifier = "primary"
               BlueprintIdentifier = "2E5146C925092A4A00F7C732"
               BuildableName = "GitHubAPI-MVVM-FCTests.xctest"
               BlueprintName = "GitHubAPI-MVVM-FCTests"
               ReferencedContainer = "container:GitHubAPI-MVVM-FC.xcodeproj">
            </BuildableReference>
         </TestableReference>
         <TestableReference
            skipped = "NO">
            <BuildableReference
               BuildableIdentifier = "primary"
               BlueprintIdentifier = "2E6F8DAB2509BDB100F7624A"
               BuildableName = "GitHubAPI-MVVM-FCUITests.xctest"
               BlueprintName = "GitHubAPI-MVVM-FCUITests"
               ReferencedContainer = "container:GitHubAPI-MVVM-FC.xcodeproj">
            </BuildableReference>
         </TestableReference>
      </Testables>
   </TestAction>
   <LaunchAction
      buildConfiguration = "Debug"
      selectedDebuggerIdentifier = "Xcode.DebuggerFoundation.Debugger.LLDB"
      selectedLauncherIdentifier = "Xcode.DebuggerFoundation.Launcher.LLDB"
      launchStyle = "0"
      useCustomWorkingDirectory = "NO"
      ignoresPersistentStateOnLaunch = "NO"
      debugDocumentVersioning = "YES"
      debugServiceExtension = "internal"
      allowLocationSimulation = "YES">
      <BuildableProductRunnable
         runnableDebuggingMode = "0">
         <BuildableReference
            BuildableIdentifier = "primary"
            BlueprintIdentifier = "2E2AA847250621560061575C"
            BuildableName = "GitHubAPI-MVVM-FC.app"
            BlueprintName = "GitHubAPI-MVVM-FC"
            ReferencedContainer = "container:GitHubAPI-MVVM-FC.xcodeproj">
         </BuildableReference>
      </BuildableProductRunnable>
   </LaunchAction>
   <ProfileAction
      buildConfiguration = "Release"
      shouldUseLaunchSchemeArgsEnv = "YES"
      savedToolIdentifier = ""
      useCustomWorkingDirectory = "NO"
      debugDocumentVersioning = "YES">
      <BuildableProductRunnable
         runnableDebuggingMode = "0">
         <BuildableReference
            BuildableIdentifier = "primary"
            BlueprintIdentifier = "2E2AA847250621560061575C"
            BuildableName = "GitHubAPI-MVVM-FC.app"
            BlueprintName = "GitHubAPI-MVVM-FC"
            ReferencedContainer = "container:GitHubAPI-MVVM-FC.xcodeproj">
         </BuildableReference>
      </BuildableProductRunnable>
   </ProfileAction>
   <AnalyzeAction
      buildConfiguration = "Debug">
   </AnalyzeAction>
   <ArchiveAction
      buildConfiguration = "Release"
      revealArchiveInOrganizer = "YES">
   </ArchiveAction>
</Scheme>
